
Microsoft Visual Studio Solution File, Format Version 12.00
# Visual Studio Version 17
VisualStudioVersion = 17.8.34330.188
MinimumVisualStudioVersion = 10.0.40219.1
Project("{FAE04EC0-301F-11D3-BF4B-00C04F79EFBC}") = "Web-API-Docker-Test", "Web-API-Docker-Test\Web-API-Docker-Test.csproj", "{E31FB053-0540-4257-A4FA-4C74B2671FF5}"
EndProject
Global
	GlobalSection(SolutionConfigurationPlatforms) = preSolution
		Debug|Any CPU = Debug|Any CPU
		Release|Any CPU = Release|Any CPU
	EndGlobalSection
	GlobalSection(ProjectConfigurationPlatforms) = postSolution
		{E31FB053-0540-4257-A4FA-4C74B2671FF5}.Debug|Any CPU.ActiveCfg = Debug|Any CPU
		{E31FB053-0540-4257-A4FA-4C74B2671FF5}.Debug|Any CPU.Build.0 = Debug|Any CPU
		{E31FB053-0540-4257-A4FA-4C74B2671FF5}.Release|Any CPU.ActiveCfg = Release|Any CPU
		{E31FB053-0540-4257-A4FA-4C74B2671FF5}.Release|Any CPU.Build.0 = Release|Any CPU
	EndGlobalSection
	GlobalSection(SolutionProperties) = preSolution
		HideSolutionNode = FALSE
	EndGlobalSection
	GlobalSection(ExtensibilityGlobals) = postSolution
		SolutionGuid = {CC6EE134-911B-4A44-91CE-5E743ED83458}
	EndGlobalSection
EndGlobal
